{
  "name": "fpe-algorithm",
  "version": "1.0.0",
  "lockfileVersion": 3,
  "requires": true,
  "packages": {
    "": {
      "name": "fpe-algorithm",
      "version": "1.0.0",
      "license": "ISC",
      "dependencies": {
        "ff3": "^1.0.1"
      }
    },
    "node_modules/ff3": {
      "version": "1.0.1",
      "resolved": "https://registry.npmjs.org/ff3/-/ff3-1.0.1.tgz",
      "integrity": "sha512-0o2KTuwMXa7Y1GvBlBOxhtcnRm+I67IMKT6hDO/VvbtLo/uDoIe6YHFjTvOv33OfgH6A6VHg4wPwr/b0rJW9dw==",
      "engines": {
        "node": ">=12.0.0"
      }
    }
  }
}
